
Microsoft Visual Studio Solution File, Format Version 12.00
# Visual Studio 15
VisualStudioVersion = 15.0.27703.2000
MinimumVisualStudioVersion = 10.0.40219.1
Project("{FAE04EC0-301F-11D3-BF4B-00C04F79EFBC}") = "PartyInvites", "PartyInvites\PartyInvites.csproj", "{0970FA74-9B33-4B42-B543-DCB46BE998D0}"
EndProject
Global
	GlobalSection(SolutionConfigurationPlatforms) = preSolution
		Debug|Any CPU = Debug|Any CPU
		Release|Any CPU = Release|Any CPU
	EndGlobalSection
	GlobalSection(ProjectConfigurationPlatforms) = postSolution
		{0970FA74-9B33-4B42-B543-DCB46BE998D0}.Debug|Any CPU.ActiveCfg = Debug|Any CPU
		{0970FA74-9B33-4B42-B543-DCB46BE998D0}.Debug|Any CPU.Build.0 = Debug|Any CPU
		{0970FA74-9B33-4B42-B543-DCB46BE998D0}.Release|Any CPU.ActiveCfg = Release|Any CPU
		{0970FA74-9B33-4B42-B543-DCB46BE998D0}.Release|Any CPU.Build.0 = Release|Any CPU
	EndGlobalSection
	GlobalSection(SolutionProperties) = preSolution
		HideSolutionNode = FALSE
	EndGlobalSection
	GlobalSection(ExtensibilityGlobals) = postSolution
		SolutionGuid = {EEDFE449-30E1-4055-8DBD-AF9CC5A41CC1}
	EndGlobalSection
EndGlobal
